// !$*UTF8*$!
{
	archiveVersion = 1;
	classes = {
	};
	objectVersion = 44;
	objects = {

/* Begin PBXAppleScriptBuildPhase section */
		8BE1A2080DD0E11A008455E6 /* AppleScript */ = {
			isa = PBXAppleScriptBuildPhase;
			buildActionMask = 2147483647;
			contextName = "";
			files = (
				8BE1A2090DD0E237008455E6 /* openscript.applescript in AppleScript */,
			);
			isSharedContext = 0;
			runOnlyForDeploymentPostprocessing = 0;
		};
/* End PBXAppleScriptBuildPhase section */

/* Begin PBXBuildFile section */
		63BC85EC0B4D863400CDC9E5 /* main.css in Resources */ = {isa = PBXBuildFile; fileRef = 63BC85EA0B4D863400CDC9E5 /* main.css */; };
		8B2A9C6D0D84F84600599386 /* gcov.icns in Resources */ = {isa = PBXBuildFile; fileRef = 8B2A9C6A0D84F84600599386 /* gcov.icns */; };
		8B2A9C6E0D84F84600599386 /* gcno.icns in Resources */ = {isa = PBXBuildFile; fileRef = 8B2A9C6B0D84F84600599386 /* gcno.icns */; };
		8B2A9C6F0D84F84600599386 /* gcda.icns in Resources */ = {isa = PBXBuildFile; fileRef = 8B2A9C6C0D84F84600599386 /* gcda.icns */; };
		8B41D4BE0D85CAB000E60DA4 /* CoverStoryValueTransformers.m in Sources */ = {isa = PBXBuildFile; fileRef = 8B41D4BD0D85CAB000E60DA4 /* CoverStoryValueTransformers.m */; };
		8B469EF20D99C25A0042D75D /* mcc.l in Sources */ = {isa = PBXBuildFile; fileRef = 8B469EF10D99C25A0042D75D /* mcc.l */; };
		8B469EF70D99C2AD0042D75D /* mcc.1 in CopyFiles */ = {isa = PBXBuildFile; fileRef = 8B469EF50D99C2630042D75D /* mcc.1 */; };
		8B469F7F0D99F1420042D75D /* mcc in CopyFiles */ = {isa = PBXBuildFile; fileRef = 8B469ED60D99C2160042D75D /* mcc */; };
		8B7270010D92B6EB0090C251 /* CoverStoryFilePredicate.m in Sources */ = {isa = PBXBuildFile; fileRef = 8B7270000D92B6EB0090C251 /* CoverStoryFilePredicate.m */; };
		8BA270B80D87C9AE0092884C /* CoverStoryDocumentController.m in Sources */ = {isa = PBXBuildFile; fileRef = 8BA270B70D87C9AE0092884C /* CoverStoryDocumentController.m */; };
		8BC04E2C0DB0459100C2D1CA /* info.png in Resources */ = {isa = PBXBuildFile; fileRef = 8BC04E290DB0459100C2D1CA /* info.png */; };
		8BC04E2D0DB0459100C2D1CA /* error.png in Resources */ = {isa = PBXBuildFile; fileRef = 8BC04E2A0DB0459100C2D1CA /* error.png */; };
		8BC04E2E0DB0459100C2D1CA /* warning.png in Resources */ = {isa = PBXBuildFile; fileRef = 8BC04E2B0DB0459100C2D1CA /* warning.png */; };
		8BC4AAB80D94D06100437182 /* CoverStoryCodeViewTableView.m in Sources */ = {isa = PBXBuildFile; fileRef = 8BC4AAB70D94D06100437182 /* CoverStoryCodeViewTableView.m */; };
		8BCDD8010E09853F006EBB62 /* Reload.png in Resources */ = {isa = PBXBuildFile; fileRef = 8BCDD7FF0E09853F006EBB62 /* Reload.png */; };
		8BCDD8020E09853F006EBB62 /* Complexity.png in Resources */ = {isa = PBXBuildFile; fileRef = 8BCDD8000E09853F006EBB62 /* Complexity.png */; };
		8BCDD86E0E0A1C55006EBB62 /* SDK.png in Resources */ = {isa = PBXBuildFile; fileRef = 8BCDD86D0E0A1C55006EBB62 /* SDK.png */; };
		8BCDD8720E0AA18A006EBB62 /* MessageDrawer.png in Resources */ = {isa = PBXBuildFile; fileRef = 8BCDD8700E0AA18A006EBB62 /* MessageDrawer.png */; };
		8BCDD8730E0AA18A006EBB62 /* UnitTests.png in Resources */ = {isa = PBXBuildFile; fileRef = 8BCDD8710E0AA18A006EBB62 /* UnitTests.png */; };
		8BE1A2090DD0E237008455E6 /* openscript.applescript in AppleScript */ = {isa = PBXBuildFile; fileRef = 8BBEC3630DD0E02400E5D45D /* openscript.applescript */; settings = {ATTRIBUTES = (Debug, ); }; };
		8BFD54F60B3F009300AFCDA2 /* CoverStoryCoverageData.m in Sources */ = {isa = PBXBuildFile; fileRef = 8BFD54F50B3F009300AFCDA2 /* CoverStoryCoverageData.m */; };
		8BFD5B040B3F126D00AFCDA2 /* CoverStoryScroller.m in Sources */ = {isa = PBXBuildFile; fileRef = 8BFD5B030B3F126D00AFCDA2 /* CoverStoryScroller.m */; };
		8BFD61400B3F9DE500AFCDA2 /* CoverStoryApplicationDelegate.m in Sources */ = {isa = PBXBuildFile; fileRef = 8BFD613F0B3F9DE500AFCDA2 /* CoverStoryApplicationDelegate.m */; };
		8BFD651E0B405B6400AFCDA2 /* CoverStory.icns in Resources */ = {isa = PBXBuildFile; fileRef = 8BFD651D0B405B6400AFCDA2 /* CoverStory.icns */; };
		8BFE723D0B46FE3400A3C7DD /* Carbon.framework in Frameworks */ = {isa = PBXBuildFile; fileRef = 8BFE723C0B46FE3400A3C7DD /* Carbon.framework */; };
		8D15AC2C0486D014006FF6A4 /* Credits.rtf in Resources */ = {isa = PBXBuildFile; fileRef = 2A37F4B9FDCFA73011CA2CEA /* Credits.rtf */; };
		8D15AC2F0486D014006FF6A4 /* InfoPlist.strings in Resources */ = {isa = PBXBuildFile; fileRef = 089C165FFE840EACC02AAC07 /* InfoPlist.strings */; };
		8D15AC310486D014006FF6A4 /* CoverStoryDocument.m in Sources */ = {isa = PBXBuildFile; fileRef = 2A37F4ACFDCFA73011CA2CEA /* CoverStoryDocument.m */; settings = {ATTRIBUTES = (); }; };
		8D15AC320486D014006FF6A4 /* main.m in Sources */ = {isa = PBXBuildFile; fileRef = 2A37F4B0FDCFA73011CA2CEA /* main.m */; settings = {ATTRIBUTES = (); }; };
		8D15AC340486D014006FF6A4 /* Cocoa.framework in Frameworks */ = {isa = PBXBuildFile; fileRef = 1058C7A7FEA54F5311CA2CBB /* Cocoa.framework */; };
		F41390DD0D77103C00F72B31 /* GTMNSFileManager+Path.m in Sources */ = {isa = PBXBuildFile; fileRef = F41390DC0D77103C00F72B31 /* GTMNSFileManager+Path.m */; };
		F41390F50D771A5400F72B31 /* GTMNSEnumerator+Filter.m in Sources */ = {isa = PBXBuildFile; fileRef = F41390F40D771A5400F72B31 /* GTMNSEnumerator+Filter.m */; };
		F426B6EB0E0A1D7E00348386 /* CoverStory Help in Resources */ = {isa = PBXBuildFile; fileRef = F426B6DA0E0A1D7E00348386 /* CoverStory Help */; };
		F439DD750DCF847700147B37 /* mcc.l in Sources */ = {isa = PBXBuildFile; fileRef = 8B469EF10D99C25A0042D75D /* mcc.l */; };
		F47A7A400D748DEA002302AB /* GTMScriptRunner.m in Sources */ = {isa = PBXBuildFile; fileRef = F47A7A3F0D748DEA002302AB /* GTMScriptRunner.m */; };
		F4CA81F20DAAC44F00B4AB10 /* CoverStoryDocument.xib in Resources */ = {isa = PBXBuildFile; fileRef = F4CA81EE0DAAC44F00B4AB10 /* CoverStoryDocument.xib */; };
		F4CA81F30DAAC44F00B4AB10 /* MainMenu.xib in Resources */ = {isa = PBXBuildFile; fileRef = F4CA81F00DAAC44F00B4AB10 /* MainMenu.xib */; };
		F4E280D40D81F38700DD304F /* GTMRegex.m in Sources */ = {isa = PBXBuildFile; fileRef = F4E280D30D81F38700DD304F /* GTMRegex.m */; };
/* End PBXBuildFile section */

/* Begin PBXContainerItemProxy section */
		8B469F240D99C50C0042D75D /* PBXContainerItemProxy */ = {
			isa = PBXContainerItemProxy;
			containerPortal = 2A37F4A9FDCFA73011CA2CEA /* Project object */;
			proxyType = 1;
			remoteGlobalIDString = 8B469ED50D99C2160042D75D;
			remoteInfo = mcc;
		};
/* End PBXContainerItemProxy section */

/* Begin PBXCopyFilesBuildPhase section */
		8B469EFB0D99C2F70042D75D /* CopyFiles */ = {
			isa = PBXCopyFilesBuildPhase;
			buildActionMask = 2147483647;
			dstPath = "";
			dstSubfolderSpec = 16;
			files = (
				8B469EF70D99C2AD0042D75D /* mcc.1 in CopyFiles */,
			);
			runOnlyForDeploymentPostprocessing = 0;
		};
		8B469F890D99F14D0042D75D /* CopyFiles */ = {
			isa = PBXCopyFilesBuildPhase;
			buildActionMask = 2147483647;
			dstPath = "";
			dstSubfolderSpec = 6;
			files = (
				8B469F7F0D99F1420042D75D /* mcc in CopyFiles */,
			);
			runOnlyForDeploymentPostprocessing = 0;
		};
/* End PBXCopyFilesBuildPhase section */

/* Begin PBXFileReference section */
		089C1660FE840EACC02AAC07 /* English */ = {isa = PBXFileReference; fileEncoding = 10; lastKnownFileType = text.plist.strings; name = English; path = English.lproj/InfoPlist.strings; sourceTree = "<group>"; };
		1058C7A7FEA54F5311CA2CBB /* Cocoa.framework */ = {isa = PBXFileReference; lastKnownFileType = wrapper.framework; name = Cocoa.framework; path = /System/Library/Frameworks/Cocoa.framework; sourceTree = "<absolute>"; };
		2A37F4ACFDCFA73011CA2CEA /* CoverStoryDocument.m */ = {isa = PBXFileReference; fileEncoding = 4; lastKnownFileType = sourcecode.c.objc; path = CoverStoryDocument.m; sourceTree = "<group>"; };
		2A37F4AEFDCFA73011CA2CEA /* CoverStoryDocument.h */ = {isa = PBXFileReference; fileEncoding = 4; lastKnownFileType = sourcecode.c.h; path = CoverStoryDocument.h; sourceTree = "<group>"; };
		2A37F4B0FDCFA73011CA2CEA /* main.m */ = {isa = PBXFileReference; fileEncoding = 4; lastKnownFileType = sourcecode.c.objc; path = main.m; sourceTree = "<group>"; };
		2A37F4BAFDCFA73011CA2CEA /* English */ = {isa = PBXFileReference; lastKnownFileType = text.rtf; name = English; path = English.lproj/Credits.rtf; sourceTree = "<group>"; };
		32DBCF750370BD2300C91783 /* CoverStory.pch */ = {isa = PBXFileReference; fileEncoding = 4; lastKnownFileType = sourcecode.c.h; path = CoverStory.pch; sourceTree = "<group>"; };
		63BC85EA0B4D863400CDC9E5 /* main.css */ = {isa = PBXFileReference; fileEncoding = 30; lastKnownFileType = text; path = main.css; sourceTree = "<group>"; };
		8B198D2F0C7DF72D002E4E3F /* COPYING */ = {isa = PBXFileReference; fileEncoding = 4; lastKnownFileType = text; path = COPYING; sourceTree = "<group>"; };
		8B2A9C6A0D84F84600599386 /* gcov.icns */ = {isa = PBXFileReference; lastKnownFileType = image.icns; path = gcov.icns; sourceTree = "<group>"; };
		8B2A9C6B0D84F84600599386 /* gcno.icns */ = {isa = PBXFileReference; lastKnownFileType = image.icns; path = gcno.icns; sourceTree = "<group>"; };
		8B2A9C6C0D84F84600599386 /* gcda.icns */ = {isa = PBXFileReference; lastKnownFileType = image.icns; path = gcda.icns; sourceTree = "<group>"; };
		8B41D3930D857F1200E60DA4 /* CoverStoryDocumentTypes.h */ = {isa = PBXFileReference; fileEncoding = 4; lastKnownFileType = sourcecode.c.h; path = CoverStoryDocumentTypes.h; sourceTree = "<group>"; };
		8B41D4BD0D85CAB000E60DA4 /* CoverStoryValueTransformers.m */ = {isa = PBXFileReference; fileEncoding = 4; lastKnownFileType = sourcecode.c.objc; path = CoverStoryValueTransformers.m; sourceTree = "<group>"; };
		8B469ED60D99C2160042D75D /* mcc */ = {isa = PBXFileReference; explicitFileType = "compiled.mach-o.executable"; includeInIndex = 0; path = mcc; sourceTree = BUILT_PRODUCTS_DIR; };
		8B469EF10D99C25A0042D75D /* mcc.l */ = {isa = PBXFileReference; fileEncoding = 4; lastKnownFileType = sourcecode.lex; path = mcc.l; sourceTree = "<group>"; };
		8B469EF30D99C2630042D75D /* mcctestmaster.txt */ = {isa = PBXFileReference; fileEncoding = 4; lastKnownFileType = text; path = mcctestmaster.txt; sourceTree = "<group>"; };
		8B469EF40D99C2630042D75D /* mcctest.c */ = {isa = PBXFileReference; fileEncoding = 4; lastKnownFileType = sourcecode.c.c; path = mcctest.c; sourceTree = "<group>"; };
		8B469EF50D99C2630042D75D /* mcc.1 */ = {isa = PBXFileReference; fileEncoding = 4; lastKnownFileType = text.man; path = mcc.1; sourceTree = "<group>"; };
		8B726FFF0D92B6EB0090C251 /* CoverStoryFilePredicate.h */ = {isa = PBXFileReference; fileEncoding = 4; lastKnownFileType = sourcecode.c.h; path = CoverStoryFilePredicate.h; sourceTree = "<group>"; };
		8B7270000D92B6EB0090C251 /* CoverStoryFilePredicate.m */ = {isa = PBXFileReference; fileEncoding = 4; lastKnownFileType = sourcecode.c.objc; path = CoverStoryFilePredicate.m; sourceTree = "<group>"; };
		8B7271230D92CD920090C251 /* CoverStoryPreferenceKeys.h */ = {isa = PBXFileReference; fileEncoding = 4; lastKnownFileType = sourcecode.c.h; path = CoverStoryPreferenceKeys.h; sourceTree = "<group>"; };
		8BA270B60D87C9AE0092884C /* CoverStoryDocumentController.h */ = {isa = PBXFileReference; fileEncoding = 4; lastKnownFileType = sourcecode.c.h; path = CoverStoryDocumentController.h; sourceTree = "<group>"; };
		8BA270B70D87C9AE0092884C /* CoverStoryDocumentController.m */ = {isa = PBXFileReference; fileEncoding = 4; lastKnownFileType = sourcecode.c.objc; path = CoverStoryDocumentController.m; sourceTree = "<group>"; };
		8BBEC3630DD0E02400E5D45D /* openscript.applescript */ = {isa = PBXFileReference; fileEncoding = 4; lastKnownFileType = sourcecode.applescript; path = openscript.applescript; sourceTree = "<group>"; };
		8BC04E290DB0459100C2D1CA /* info.png */ = {isa = PBXFileReference; lastKnownFileType = image.png; path = info.png; sourceTree = SOURCE_ROOT; };
		8BC04E2A0DB0459100C2D1CA /* error.png */ = {isa = PBXFileReference; lastKnownFileType = image.png; path = error.png; sourceTree = SOURCE_ROOT; };
		8BC04E2B0DB0459100C2D1CA /* warning.png */ = {isa = PBXFileReference; lastKnownFileType = image.png; path = warning.png; sourceTree = SOURCE_ROOT; };
		8BC4AAB60D94D06100437182 /* CoverStoryCodeViewTableView.h */ = {isa = PBXFileReference; fileEncoding = 4; lastKnownFileType = sourcecode.c.h; path = CoverStoryCodeViewTableView.h; sourceTree = "<group>"; };
		8BC4AAB70D94D06100437182 /* CoverStoryCodeViewTableView.m */ = {isa = PBXFileReference; fileEncoding = 4; lastKnownFileType = sourcecode.c.objc; path = CoverStoryCodeViewTableView.m; sourceTree = "<group>"; };
		8BCDD7FF0E09853F006EBB62 /* Reload.png */ = {isa = PBXFileReference; lastKnownFileType = image.png; path = Reload.png; sourceTree = "<group>"; };
		8BCDD8000E09853F006EBB62 /* Complexity.png */ = {isa = PBXFileReference; lastKnownFileType = image.png; path = Complexity.png; sourceTree = "<group>"; };
		8BCDD86D0E0A1C55006EBB62 /* SDK.png */ = {isa = PBXFileReference; lastKnownFileType = image.png; path = SDK.png; sourceTree = "<group>"; };
		8BCDD8700E0AA18A006EBB62 /* MessageDrawer.png */ = {isa = PBXFileReference; lastKnownFileType = image.png; path = MessageDrawer.png; sourceTree = "<group>"; };
		8BCDD8710E0AA18A006EBB62 /* UnitTests.png */ = {isa = PBXFileReference; lastKnownFileType = image.png; path = UnitTests.png; sourceTree = "<group>"; };
		8BFD54F40B3F009300AFCDA2 /* CoverStoryCoverageData.h */ = {isa = PBXFileReference; fileEncoding = 4; lastKnownFileType = sourcecode.c.h; path = CoverStoryCoverageData.h; sourceTree = "<group>"; };
		8BFD54F50B3F009300AFCDA2 /* CoverStoryCoverageData.m */ = {isa = PBXFileReference; fileEncoding = 4; lastKnownFileType = sourcecode.c.objc; path = CoverStoryCoverageData.m; sourceTree = "<group>"; };
		8BFD5B020B3F126D00AFCDA2 /* CoverStoryScroller.h */ = {isa = PBXFileReference; fileEncoding = 4; lastKnownFileType = sourcecode.c.h; path = CoverStoryScroller.h; sourceTree = "<group>"; };
		8BFD5B030B3F126D00AFCDA2 /* CoverStoryScroller.m */ = {isa = PBXFileReference; fileEncoding = 4; lastKnownFileType = sourcecode.c.objc; path = CoverStoryScroller.m; sourceTree = "<group>"; };
		8BFD613E0B3F9DE500AFCDA2 /* CoverStoryApplicationDelegate.h */ = {isa = PBXFileReference; fileEncoding = 4; lastKnownFileType = sourcecode.c.h; path = CoverStoryApplicationDelegate.h; sourceTree = "<group>"; };
		8BFD613F0B3F9DE500AFCDA2 /* CoverStoryApplicationDelegate.m */ = {isa = PBXFileReference; fileEncoding = 4; lastKnownFileType = sourcecode.c.objc; path = CoverStoryApplicationDelegate.m; sourceTree = "<group>"; };
		8BFD651D0B405B6400AFCDA2 /* CoverStory.icns */ = {isa = PBXFileReference; lastKnownFileType = image.icns; path = CoverStory.icns; sourceTree = "<group>"; };
		8BFE723C0B46FE3400A3C7DD /* Carbon.framework */ = {isa = PBXFileReference; lastKnownFileType = wrapper.framework; name = Carbon.framework; path = /System/Library/Frameworks/Carbon.framework; sourceTree = "<absolute>"; };
		8D15AC360486D014006FF6A4 /* Info.plist */ = {isa = PBXFileReference; fileEncoding = 4; lastKnownFileType = text.plist; path = Info.plist; sourceTree = "<group>"; };
		8D15AC370486D014006FF6A4 /* CoverStory.app */ = {isa = PBXFileReference; explicitFileType = wrapper.application; includeInIndex = 0; path = CoverStory.app; sourceTree = BUILT_PRODUCTS_DIR; };
		F4138F280D75202E00F72B31 /* DebugTigerOrLater.xcconfig */ = {isa = PBXFileReference; fileEncoding = 4; lastKnownFileType = text.xcconfig; name = DebugTigerOrLater.xcconfig; path = Project/DebugTigerOrLater.xcconfig; sourceTree = "<group>"; };
		F4138F290D75202E00F72B31 /* ReleaseTigerOrLater.xcconfig */ = {isa = PBXFileReference; fileEncoding = 4; lastKnownFileType = text.xcconfig; name = ReleaseTigerOrLater.xcconfig; path = Project/ReleaseTigerOrLater.xcconfig; sourceTree = "<group>"; };
		F41390DB0D77103C00F72B31 /* GTMNSFileManager+Path.h */ = {isa = PBXFileReference; fileEncoding = 4; lastKnownFileType = sourcecode.c.h; path = "GTMNSFileManager+Path.h"; sourceTree = "<group>"; };
		F41390DC0D77103C00F72B31 /* GTMNSFileManager+Path.m */ = {isa = PBXFileReference; fileEncoding = 4; lastKnownFileType = sourcecode.c.objc; path = "GTMNSFileManager+Path.m"; sourceTree = "<group>"; };
		F41390F30D771A5400F72B31 /* GTMNSEnumerator+Filter.h */ = {isa = PBXFileReference; fileEncoding = 4; lastKnownFileType = sourcecode.c.h; path = "GTMNSEnumerator+Filter.h"; sourceTree = "<group>"; };
		F41390F40D771A5400F72B31 /* GTMNSEnumerator+Filter.m */ = {isa = PBXFileReference; fileEncoding = 4; lastKnownFileType = sourcecode.c.objc; path = "GTMNSEnumerator+Filter.m"; sourceTree = "<group>"; };
		F426B6DB0E0A1D7E00348386 /* English */ = {isa = PBXFileReference; lastKnownFileType = folder; name = English; path = "English.lproj/CoverStory Help"; sourceTree = "<group>"; };
		F47A7A3E0D748DEA002302AB /* GTMScriptRunner.h */ = {isa = PBXFileReference; fileEncoding = 4; lastKnownFileType = sourcecode.c.h; path = GTMScriptRunner.h; sourceTree = "<group>"; };
		F47A7A3F0D748DEA002302AB /* GTMScriptRunner.m */ = {isa = PBXFileReference; fileEncoding = 4; lastKnownFileType = sourcecode.c.objc; path = GTMScriptRunner.m; sourceTree = "<group>"; };
		F4C187F60DB3CEED009BB8C6 /* GTMDefines.h */ = {isa = PBXFileReference; fileEncoding = 4; lastKnownFileType = sourcecode.c.h; path = GTMDefines.h; sourceTree = "<group>"; };
		F4C187F90DB3CF23009BB8C6 /* GTMDebugSelectorValidation.h */ = {isa = PBXFileReference; fileEncoding = 4; lastKnownFileType = sourcecode.c.h; path = GTMDebugSelectorValidation.h; sourceTree = "<group>"; };
		F4CA81EF0DAAC44F00B4AB10 /* English */ = {isa = PBXFileReference; lastKnownFileType = file.xib; name = English; path = English.lproj/CoverStoryDocument.xib; sourceTree = "<group>"; };
		F4CA81F10DAAC44F00B4AB10 /* English */ = {isa = PBXFileReference; lastKnownFileType = file.xib; name = English; path = English.lproj/MainMenu.xib; sourceTree = "<group>"; };
		F4E280D20D81F38700DD304F /* GTMRegex.h */ = {isa = PBXFileReference; fileEncoding = 4; lastKnownFileType = sourcecode.c.h; path = GTMRegex.h; sourceTree = "<group>"; };
		F4E280D30D81F38700DD304F /* GTMRegex.m */ = {isa = PBXFileReference; fileEncoding = 4; lastKnownFileType = sourcecode.c.objc; path = GTMRegex.m; sourceTree = "<group>"; };
/* End PBXFileReference section */

/* Begin PBXFrameworksBuildPhase section */
		8B469ED40D99C2160042D75D /* Frameworks */ = {
			isa = PBXFrameworksBuildPhase;
			buildActionMask = 2147483647;
			files = (
			);
			runOnlyForDeploymentPostprocessing = 0;
		};
		8D15AC330486D014006FF6A4 /* Frameworks */ = {
			isa = PBXFrameworksBuildPhase;
			buildActionMask = 2147483647;
			files = (
				8D15AC340486D014006FF6A4 /* Cocoa.framework in Frameworks */,
				8BFE723D0B46FE3400A3C7DD /* Carbon.framework in Frameworks */,
			);
			runOnlyForDeploymentPostprocessing = 0;
		};
/* End PBXFrameworksBuildPhase section */

/* Begin PBXGroup section */
		1058C7A6FEA54F5311CA2CBB /* Linked Frameworks */ = {
			isa = PBXGroup;
			children = (
				8BFE723C0B46FE3400A3C7DD /* Carbon.framework */,
				1058C7A7FEA54F5311CA2CBB /* Cocoa.framework */,
			);
			name = "Linked Frameworks";
			sourceTree = "<group>";
		};
		19C28FB0FE9D524F11CA2CBB /* Products */ = {
			isa = PBXGroup;
			children = (
				8D15AC370486D014006FF6A4 /* CoverStory.app */,
				8B469ED60D99C2160042D75D /* mcc */,
			);
			name = Products;
			sourceTree = "<group>";
		};
		2A37F4AAFDCFA73011CA2CEA /* Gcover */ = {
			isa = PBXGroup;
			children = (
				8B198D2F0C7DF72D002E4E3F /* COPYING */,
				2A37F4ABFDCFA73011CA2CEA /* Classes */,
				F47A7A3D0D748DAC002302AB /* google-toolbox-for-mac */,
				2A37F4AFFDCFA73011CA2CEA /* Other Sources */,
				8B469EE70D99C2330042D75D /* mcc */,
				2A37F4B8FDCFA73011CA2CEA /* Resources */,
				2A37F4C3FDCFA73011CA2CEA /* Frameworks */,
				19C28FB0FE9D524F11CA2CBB /* Products */,
			);
			comments = "Copyright 2006-2007 Google Inc.\nLicensed under the Apache License, Version 2.0 (the \"License\"); you may not\nuse this file except in compliance with the License.  You may obtain a copy\nof the License at\n\nhttp://www.apache.org/licenses/LICENSE-2.0\n\nUnless required by applicable law or agreed to in writing, software\ndistributed under the License is distributed on an \"AS IS\" BASIS, WITHOUT\nWARRANTIES OR CONDITIONS OF ANY KIND, either express or implied.  See the\nLicense for the specific language governing permissions and limitations under\nthe License.\n";
			name = Gcover;
			sourceTree = "<group>";
		};
		2A37F4ABFDCFA73011CA2CEA /* Classes */ = {
			isa = PBXGroup;
			children = (
				8BFD613E0B3F9DE500AFCDA2 /* CoverStoryApplicationDelegate.h */,
				8BFD613F0B3F9DE500AFCDA2 /* CoverStoryApplicationDelegate.m */,
				8B41D3930D857F1200E60DA4 /* CoverStoryDocumentTypes.h */,
				8B7271230D92CD920090C251 /* CoverStoryPreferenceKeys.h */,
				8BFD5B020B3F126D00AFCDA2 /* CoverStoryScroller.h */,
				8BFD5B030B3F126D00AFCDA2 /* CoverStoryScroller.m */,
				8BFD54F40B3F009300AFCDA2 /* CoverStoryCoverageData.h */,
				8BFD54F50B3F009300AFCDA2 /* CoverStoryCoverageData.m */,
				2A37F4AEFDCFA73011CA2CEA /* CoverStoryDocument.h */,
				2A37F4ACFDCFA73011CA2CEA /* CoverStoryDocument.m */,
				8BC4AAB60D94D06100437182 /* CoverStoryCodeViewTableView.h */,
				8BC4AAB70D94D06100437182 /* CoverStoryCodeViewTableView.m */,
				8BA270B60D87C9AE0092884C /* CoverStoryDocumentController.h */,
				8BA270B70D87C9AE0092884C /* CoverStoryDocumentController.m */,
				8B41D4BD0D85CAB000E60DA4 /* CoverStoryValueTransformers.m */,
				8B726FFF0D92B6EB0090C251 /* CoverStoryFilePredicate.h */,
				8B7270000D92B6EB0090C251 /* CoverStoryFilePredicate.m */,
			);
			name = Classes;
			sourceTree = "<group>";
		};
		2A37F4AFFDCFA73011CA2CEA /* Other Sources */ = {
			isa = PBXGroup;
			children = (
				32DBCF750370BD2300C91783 /* CoverStory.pch */,
				2A37F4B0FDCFA73011CA2CEA /* main.m */,
			);
			name = "Other Sources";
			sourceTree = "<group>";
		};
		2A37F4B8FDCFA73011CA2CEA /* Resources */ = {
			isa = PBXGroup;
			children = (
				8BCDD8700E0AA18A006EBB62 /* MessageDrawer.png */,
				8BCDD8710E0AA18A006EBB62 /* UnitTests.png */,
				8BCDD86D0E0A1C55006EBB62 /* SDK.png */,
				8BC04E290DB0459100C2D1CA /* info.png */,
				8BC04E2A0DB0459100C2D1CA /* error.png */,
				8BC04E2B0DB0459100C2D1CA /* warning.png */,
				8BFD651D0B405B6400AFCDA2 /* CoverStory.icns */,
				8B2A9C6A0D84F84600599386 /* gcov.icns */,
				8B2A9C6B0D84F84600599386 /* gcno.icns */,
				8B2A9C6C0D84F84600599386 /* gcda.icns */,
				8BBEC3630DD0E02400E5D45D /* openscript.applescript */,
				2A37F4B9FDCFA73011CA2CEA /* Credits.rtf */,
				63BC85EA0B4D863400CDC9E5 /* main.css */,
				8D15AC360486D014006FF6A4 /* Info.plist */,
				F426B6DA0E0A1D7E00348386 /* CoverStory Help */,
				F4CA81EE0DAAC44F00B4AB10 /* CoverStoryDocument.xib */,
				F4CA81F00DAAC44F00B4AB10 /* MainMenu.xib */,
				8BCDD7FF0E09853F006EBB62 /* Reload.png */,
				8BCDD8000E09853F006EBB62 /* Complexity.png */,
				089C165FFE840EACC02AAC07 /* InfoPlist.strings */,
			);
			name = Resources;
			sourceTree = "<group>";
		};
		2A37F4C3FDCFA73011CA2CEA /* Frameworks */ = {
			isa = PBXGroup;
			children = (
				1058C7A6FEA54F5311CA2CBB /* Linked Frameworks */,
			);
			name = Frameworks;
			sourceTree = "<group>";
		};
		8B469EE70D99C2330042D75D /* mcc */ = {
			isa = PBXGroup;
			children = (
				8B469EF10D99C25A0042D75D /* mcc.l */,
				8B469EF30D99C2630042D75D /* mcctestmaster.txt */,
				8B469EF40D99C2630042D75D /* mcctest.c */,
				8B469EF50D99C2630042D75D /* mcc.1 */,
			);
			path = mcc;
			sourceTree = "<group>";
		};
		F4138F240D751FCF00F72B31 /* Foundation */ = {
			isa = PBXGroup;
			children = (
				F4E280D20D81F38700DD304F /* GTMRegex.h */,
				F4E280D30D81F38700DD304F /* GTMRegex.m */,
				F41390F30D771A5400F72B31 /* GTMNSEnumerator+Filter.h */,
				F41390F40D771A5400F72B31 /* GTMNSEnumerator+Filter.m */,
				F41390DB0D77103C00F72B31 /* GTMNSFileManager+Path.h */,
				F41390DC0D77103C00F72B31 /* GTMNSFileManager+Path.m */,
				F47A7A3E0D748DEA002302AB /* GTMScriptRunner.h */,
				F47A7A3F0D748DEA002302AB /* GTMScriptRunner.m */,
			);
			path = Foundation;
			sourceTree = "<group>";
		};
		F4138F270D75200B00F72B31 /* XcodeConfig */ = {
			isa = PBXGroup;
			children = (
				F4138F280D75202E00F72B31 /* DebugTigerOrLater.xcconfig */,
				F4138F290D75202E00F72B31 /* ReleaseTigerOrLater.xcconfig */,
			);
			path = XcodeConfig;
			sourceTree = "<group>";
		};
		F47A7A3D0D748DAC002302AB /* google-toolbox-for-mac */ = {
			isa = PBXGroup;
			children = (
				F4C187F60DB3CEED009BB8C6 /* GTMDefines.h */,
				F4138F240D751FCF00F72B31 /* Foundation */,
				F4C187F80DB3CF07009BB8C6 /* DebugUtils */,
				F4138F270D75200B00F72B31 /* XcodeConfig */,
			);
			name = "google-toolbox-for-mac";
			path = "external/google-toolbox-for-mac";
			sourceTree = "<group>";
		};
		F4C187F80DB3CF07009BB8C6 /* DebugUtils */ = {
			isa = PBXGroup;
			children = (
				F4C187F90DB3CF23009BB8C6 /* GTMDebugSelectorValidation.h */,
			);
			path = DebugUtils;
			sourceTree = "<group>";
		};
/* End PBXGroup section */

/* Begin PBXNativeTarget section */
		8B469ED50D99C2160042D75D /* mcc */ = {
			isa = PBXNativeTarget;
			buildConfigurationList = 8B469EE20D99C21D0042D75D /* Build configuration list for PBXNativeTarget "mcc" */;
			buildPhases = (
				8B469ED30D99C2160042D75D /* Sources */,
				8B469ED40D99C2160042D75D /* Frameworks */,
				8B469EFB0D99C2F70042D75D /* CopyFiles */,
				8B469EF90D99C2BC0042D75D /* ShellScript */,
			);
			buildRules = (
			);
			dependencies = (
			);
			name = mcc;
			productName = mcc;
			productReference = 8B469ED60D99C2160042D75D /* mcc */;
			productType = "com.apple.product-type.tool";
		};
		8D15AC270486D014006FF6A4 /* CoverStory */ = {
			isa = PBXNativeTarget;
			buildConfigurationList = C05733C708A9546B00998B17 /* Build configuration list for PBXNativeTarget "CoverStory" */;
			buildPhases = (
				8BE1A2080DD0E11A008455E6 /* AppleScript */,
				8D15AC2B0486D014006FF6A4 /* Resources */,
				8D15AC300486D014006FF6A4 /* Sources */,
				8D15AC330486D014006FF6A4 /* Frameworks */,
				8B469F890D99F14D0042D75D /* CopyFiles */,
			);
			buildRules = (
			);
			dependencies = (
				8B469F250D99C50C0042D75D /* PBXTargetDependency */,
			);
			name = CoverStory;
			productInstallPath = "$(HOME)/Applications";
			productName = Gcover;
			productReference = 8D15AC370486D014006FF6A4 /* CoverStory.app */;
			productType = "com.apple.product-type.application";
		};
/* End PBXNativeTarget section */

/* Begin PBXProject section */
		2A37F4A9FDCFA73011CA2CEA /* Project object */ = {
			isa = PBXProject;
			buildConfigurationList = C05733CB08A9546B00998B17 /* Build configuration list for PBXProject "CoverStory" */;
			compatibilityVersion = "Xcode 3.0";
			hasScannedForEncodings = 1;
			mainGroup = 2A37F4AAFDCFA73011CA2CEA /* Gcover */;
			projectDirPath = "";
			projectRoot = "";
			targets = (
				8D15AC270486D014006FF6A4 /* CoverStory */,
				8B469ED50D99C2160042D75D /* mcc */,
			);
		};
/* End PBXProject section */

/* Begin PBXResourcesBuildPhase section */
		8D15AC2B0486D014006FF6A4 /* Resources */ = {
			isa = PBXResourcesBuildPhase;
			buildActionMask = 2147483647;
			files = (
				8D15AC2C0486D014006FF6A4 /* Credits.rtf in Resources */,
				8D15AC2F0486D014006FF6A4 /* InfoPlist.strings in Resources */,
				8BFD651E0B405B6400AFCDA2 /* CoverStory.icns in Resources */,
				63BC85EC0B4D863400CDC9E5 /* main.css in Resources */,
				F4CA81F20DAAC44F00B4AB10 /* CoverStoryDocument.xib in Resources */,
				F4CA81F30DAAC44F00B4AB10 /* MainMenu.xib in Resources */,
				8B2A9C6D0D84F84600599386 /* gcov.icns in Resources */,
				8B2A9C6E0D84F84600599386 /* gcno.icns in Resources */,
				8B2A9C6F0D84F84600599386 /* gcda.icns in Resources */,
				8BC04E2C0DB0459100C2D1CA /* info.png in Resources */,
				8BC04E2D0DB0459100C2D1CA /* error.png in Resources */,
				8BC04E2E0DB0459100C2D1CA /* warning.png in Resources */,
				8BCDD8010E09853F006EBB62 /* Reload.png in Resources */,
				8BCDD8020E09853F006EBB62 /* Complexity.png in Resources */,
				8BCDD86E0E0A1C55006EBB62 /* SDK.png in Resources */,
				8BCDD8720E0AA18A006EBB62 /* MessageDrawer.png in Resources */,
				8BCDD8730E0AA18A006EBB62 /* UnitTests.png in Resources */,
				F426B6EB0E0A1D7E00348386 /* CoverStory Help in Resources */,
			);
			runOnlyForDeploymentPostprocessing = 0;
		};
/* End PBXResourcesBuildPhase section */

/* Begin PBXShellScriptBuildPhase section */
		8B469EF90D99C2BC0042D75D /* ShellScript */ = {
			isa = PBXShellScriptBuildPhase;
			buildActionMask = 2147483647;
			files = (
			);
			inputPaths = (
				"$(SRCROOT)/mcc/mcctestmaster.txt",
				"$(SRCROOT)/mcc/mcctest.c",
			);
			outputPaths = (
			);
			runOnlyForDeploymentPostprocessing = 0;
			shellPath = /bin/sh;
			shellScript = "#\n# Runs a unittest against mcc\n#\n\nif [ -f ${TEMP_FILES_DIR}/mcctest.out ]; then\n\trm ${TEMP_FILES_DIR}/mcctest.out\nfi\n\n\"${TARGET_BUILD_DIR}/${EXECUTABLE_NAME}\" mcc/mcctest.c > \"${TEMP_FILES_DIR}/mcctest.out\"\ncmp \"${TEMP_FILES_DIR}/mcctest.out\" \"${SRCROOT}/mcc/mcctestmaster.txt\"\nif [ $? -ne 0 ]; then\n\techo ${TEMP_FILES_DIR}/mcctest.out:0: error: Test Failed\n\texit 1\nfi\nexit 0";
			showEnvVarsInLog = 0;
		};
/* End PBXShellScriptBuildPhase section */

/* Begin PBXSourcesBuildPhase section */
		8B469ED30D99C2160042D75D /* Sources */ = {
			isa = PBXSourcesBuildPhase;
			buildActionMask = 2147483647;
			files = (
				8B469EF20D99C25A0042D75D /* mcc.l in Sources */,
			);
			runOnlyForDeploymentPostprocessing = 0;
		};
		8D15AC300486D014006FF6A4 /* Sources */ = {
			isa = PBXSourcesBuildPhase;
			buildActionMask = 2147483647;
			files = (
				8D15AC310486D014006FF6A4 /* CoverStoryDocument.m in Sources */,
				8D15AC320486D014006FF6A4 /* main.m in Sources */,
				8BFD54F60B3F009300AFCDA2 /* CoverStoryCoverageData.m in Sources */,
				8BFD5B040B3F126D00AFCDA2 /* CoverStoryScroller.m in Sources */,
				8BFD61400B3F9DE500AFCDA2 /* CoverStoryApplicationDelegate.m in Sources */,
				F47A7A400D748DEA002302AB /* GTMScriptRunner.m in Sources */,
				F41390DD0D77103C00F72B31 /* GTMNSFileManager+Path.m in Sources */,
				F41390F50D771A5400F72B31 /* GTMNSEnumerator+Filter.m in Sources */,
				F4E280D40D81F38700DD304F /* GTMRegex.m in Sources */,
				8B41D4BE0D85CAB000E60DA4 /* CoverStoryValueTransformers.m in Sources */,
				8BA270B80D87C9AE0092884C /* CoverStoryDocumentController.m in Sources */,
				8B7270010D92B6EB0090C251 /* CoverStoryFilePredicate.m in Sources */,
				8BC4AAB80D94D06100437182 /* CoverStoryCodeViewTableView.m in Sources */,
				F439DD750DCF847700147B37 /* mcc.l in Sources */,
			);
			runOnlyForDeploymentPostprocessing = 0;
		};
/* End PBXSourcesBuildPhase section */

/* Begin PBXTargetDependency section */
		8B469F250D99C50C0042D75D /* PBXTargetDependency */ = {
			isa = PBXTargetDependency;
			target = 8B469ED50D99C2160042D75D /* mcc */;
			targetProxy = 8B469F240D99C50C0042D75D /* PBXContainerItemProxy */;
		};
/* End PBXTargetDependency section */

/* Begin PBXVariantGroup section */
		089C165FFE840EACC02AAC07 /* InfoPlist.strings */ = {
			isa = PBXVariantGroup;
			children = (
				089C1660FE840EACC02AAC07 /* English */,
			);
			name = InfoPlist.strings;
			sourceTree = "<group>";
		};
		2A37F4B9FDCFA73011CA2CEA /* Credits.rtf */ = {
			isa = PBXVariantGroup;
			children = (
				2A37F4BAFDCFA73011CA2CEA /* English */,
			);
			name = Credits.rtf;
			sourceTree = "<group>";
		};
		F426B6DA0E0A1D7E00348386 /* CoverStory Help */ = {
			isa = PBXVariantGroup;
			children = (
				F426B6DB0E0A1D7E00348386 /* English */,
			);
			name = "CoverStory Help";
			sourceTree = "<group>";
		};
		F4CA81EE0DAAC44F00B4AB10 /* CoverStoryDocument.xib */ = {
			isa = PBXVariantGroup;
			children = (
				F4CA81EF0DAAC44F00B4AB10 /* English */,
			);
			name = CoverStoryDocument.xib;
			sourceTree = "<group>";
		};
		F4CA81F00DAAC44F00B4AB10 /* MainMenu.xib */ = {
			isa = PBXVariantGroup;
			children = (
				F4CA81F10DAAC44F00B4AB10 /* English */,
			);
			name = MainMenu.xib;
			sourceTree = "<group>";
		};
/* End PBXVariantGroup section */

/* Begin XCBuildConfiguration section */
		8B469ED80D99C2170042D75D /* Debug */ = {
			isa = XCBuildConfiguration;
			buildSettings = {
				LEXFLAGS = "$(inherited) --noyy_top_state";
				PRODUCT_NAME = mcc;
			};
			name = Debug;
		};
		8B469ED90D99C2170042D75D /* Release */ = {
			isa = XCBuildConfiguration;
			buildSettings = {
				LEXFLAGS = "$(inherited) --noyy_top_state";
				PRODUCT_NAME = mcc;
			};
			name = Release;
		};
		C05733C808A9546B00998B17 /* Debug */ = {
			isa = XCBuildConfiguration;
			buildSettings = {
				GCC_PRECOMPILE_PREFIX_HEADER = YES;
				GCC_PREFIX_HEADER = CoverStory.pch;
				INFOPLIST_FILE = Info.plist;
				INFOPLIST_PREPROCESS = YES;
				LEXFLAGS = "$(inherited) --noyy_top_state";
				PRODUCT_NAME = CoverStory;
				WRAPPER_EXTENSION = app;
			};
			name = Debug;
		};
		C05733C908A9546B00998B17 /* Release */ = {
			isa = XCBuildConfiguration;
			buildSettings = {
				GCC_PRECOMPILE_PREFIX_HEADER = YES;
				GCC_PREFIX_HEADER = CoverStory.pch;
				INFOPLIST_FILE = Info.plist;
				INFOPLIST_PREPROCESS = YES;
				LEXFLAGS = "$(inherited) --noyy_top_state";
				PRODUCT_NAME = CoverStory;
				WRAPPER_EXTENSION = app;
			};
			name = Release;
		};
		C05733CC08A9546B00998B17 /* Debug */ = {
			isa = XCBuildConfiguration;
			baseConfigurationReference = F4138F280D75202E00F72B31 /* DebugTigerOrLater.xcconfig */;
			buildSettings = {
				GCC_GENERATE_TEST_COVERAGE_FILES = YES;
				GCC_INSTRUMENT_PROGRAM_FLOW_ARCS = YES;
				LIBRARY_SEARCH_PATHS = (
					"$(inherited)",
					"$(SRCROOT)/TigerGcov",
				);
				OTHER_LDFLAGS = "-lgcov";
			};
			name = Debug;
		};
		C05733CD08A9546B00998B17 /* Release */ = {
			isa = XCBuildConfiguration;
			baseConfigurationReference = F4138F290D75202E00F72B31 /* ReleaseTigerOrLater.xcconfig */;
			buildSettings = {
				GCC_INSTRUMENT_PROGRAM_FLOW_ARCS = NO;
			};
			name = Release;
		};
/* End XCBuildConfiguration section */

/* Begin XCConfigurationList section */
		8B469EE20D99C21D0042D75D /* Build configuration list for PBXNativeTarget "mcc" */ = {
			isa = XCConfigurationList;
			buildConfigurations = (
				8B469ED80D99C2170042D75D /* Debug */,
				8B469ED90D99C2170042D75D /* Release */,
			);
			defaultConfigurationIsVisible = 0;
			defaultConfigurationName = Release;
		};
		C05733C708A9546B00998B17 /* Build configuration list for PBXNativeTarget "CoverStory" */ = {
			isa = XCConfigurationList;
			buildConfigurations = (
				C05733C808A9546B00998B17 /* Debug */,
				C05733C908A9546B00998B17 /* Release */,
			);
			defaultConfigurationIsVisible = 0;
			defaultConfigurationName = Release;
		};
		C05733CB08A9546B00998B17 /* Build configuration list for PBXProject "CoverStory" */ = {
			isa = XCConfigurationList;
			buildConfigurations = (
				C05733CC08A9546B00998B17 /* Debug */,
				C05733CD08A9546B00998B17 /* Release */,
			);
			defaultConfigurationIsVisible = 0;
			defaultConfigurationName = Release;
		};
/* End XCConfigurationList section */
	};
	rootObject = 2A37F4A9FDCFA73011CA2CEA /* Project object */;
}
